
Microsoft Visual Studio Solution File, Format Version 12.00
# Visual Studio 15
VisualStudioVersion = 15.0.28307.168
MinimumVisualStudioVersion = 10.0.40219.1
Project("{FAE04EC0-301F-11D3-BF4B-00C04F79EFBC}") = "FSSPreader", "FSSPreader\FSSPreader.csproj", "{213A2EC3-0606-47C0-B3EC-D3080717A981}"
EndProject
Global
	GlobalSection(SolutionConfigurationPlatforms) = preSolution
		Debug|Any CPU = Debug|Any CPU
		Release|Any CPU = Release|Any CPU
	EndGlobalSection
	GlobalSection(ProjectConfigurationPlatforms) = postSolution
		{213A2EC3-0606-47C0-B3EC-D3080717A981}.Debug|Any CPU.ActiveCfg = Debug|Any CPU
		{213A2EC3-0606-47C0-B3EC-D3080717A981}.Debug|Any CPU.Build.0 = Debug|Any CPU
		{213A2EC3-0606-47C0-B3EC-D3080717A981}.Release|Any CPU.ActiveCfg = Release|Any CPU
		{213A2EC3-0606-47C0-B3EC-D3080717A981}.Release|Any CPU.Build.0 = Release|Any CPU
	EndGlobalSection
	GlobalSection(SolutionProperties) = preSolution
		HideSolutionNode = FALSE
	EndGlobalSection
	GlobalSection(ExtensibilityGlobals) = postSolution
		SolutionGuid = {FB1A69E5-B4E9-41F4-B25F-299B48ADF0C1}
	EndGlobalSection
EndGlobal
